<?xml version="1.0" encoding="utf-8"?>
<Project ToolsVersion="4.0" xmlns="http://schemas.microsoft.com/developer/msbuild/2003">
  <ItemGroup>
    <Filter Include="Source Files">
      <UniqueIdentifier>{E9C7FDCE-D52A-8D73-7EB0-C5296AF258F6}</UniqueIdentifier>
    </Filter>
    <Filter Include="Header Files">
      <UniqueIdentifier>{c6ed70e6-3e0a-4384-91b1-0ff50257b90b}</UniqueIdentifier>
    </Filter>
    <Filter Include="Header Files\Structs">
      <UniqueIdentifier>{e8842919-f4e4-4d59-9941-defda1cddcc1}</UniqueIdentifier>
    </Filter>
    <Filter Include="Source Files\Utils">
      <UniqueIdentifier>{c76f740a-bf49-4387-a8f6-e708f2320549}</UniqueIdentifier>
    </Filter>
    <Filter Include="Header Files\Utils">
      <UniqueIdentifier>{4d00caef-549d-4631-b286-1cf6173f9fe8}</UniqueIdentifier>
    </Filter>
  </ItemGroup>
  <ItemGroup>
    <ClCompile Include="Main.cpp">
      <Filter>Source Files</Filter>
    </ClCompile>
    <ClCompile Include="Car.cpp">
      <Filter>Source Files</Filter>
    </ClCompile>
    <ClCompile Include="Tracks.cpp">
      <Filter>Source Files</Filter>
    </ClCompile>
    <ClCompile Include="Consts.cpp">
      <Filter>Source Files\Utils</Filter>
    </ClCompile>
    <ClCompile Include="Levels.cpp">
      <Filter>Source Files\Utils</Filter>
    </ClCompile>
    <ClCompile Include="MathsUtils.cpp">
      <Filter>Source Files\Utils</Filter>
    </ClCompile>
  </ItemGroup>
  <ItemGroup>
    <ClInclude Include="Car.h">
      <Filter>Header Files</Filter>
    </ClInclude>
    <ClInclude Include="Tracks.h">
      <Filter>Header Files</Filter>
    </ClInclude>
    <ClInclude Include="Rectangle.h">
      <Filter>Header Files\Structs</Filter>
    </ClInclude>
    <ClInclude Include="Consts.h">
      <Filter>Header Files\Utils</Filter>
    </ClInclude>
    <ClInclude Include="Levels.h">
      <Filter>Header Files\Utils</Filter>
    </ClInclude>
    <ClInclude Include="MathsUtils.h">
      <Filter>Header Files\Utils</Filter>
    </ClInclude>
  </ItemGroup>
</Project>